
Microsoft Visual Studio Solution File, Format Version 12.00
# Visual Studio Version 17
VisualStudioVersion = 17.0.31903.59
MinimumVisualStudioVersion = 10.0.40219.1
Project("{2150E333-8FDC-42A3-9474-1A3956D46DE8}") = "src", "src", "{827E0CD3-B72D-47B6-A68D-7590B98EB39B}"
EndProject
Project("{FAE04EC0-301F-11D3-BF4B-00C04F79EFBC}") = "SmartFinanceAI.Domain", "src\SmartFinanceAI.Domain\SmartFinanceAI.Domain.csproj", "{DC70146F-D44B-490B-8B37-070EB2F245A6}"
EndProject
Project("{FAE04EC0-301F-11D3-BF4B-00C04F79EFBC}") = "SmartFinanceAI.Application", "src\SmartFinanceAI.Application\SmartFinanceAI.Application.csproj", "{90F9F24C-BEF1-4D6D-AD95-313FA3DEA469}"
EndProject
Project("{FAE04EC0-301F-11D3-BF4B-00C04F79EFBC}") = "SmartFinanceAI.Infrastructure", "src\SmartFinanceAI.Infrastructure\SmartFinanceAI.Infrastructure.csproj", "{EDEADE0C-915C-40C1-AAB9-85FE09E427EF}"
EndProject
Project("{FAE04EC0-301F-11D3-BF4B-00C04F79EFBC}") = "SmartFinanceAI.Api", "src\SmartFinanceAI.Api\SmartFinanceAI.Api.csproj", "{53836B30-43C6-4C79-B1C6-904B5922DFAD}"
EndProject
Project("{2150E333-8FDC-42A3-9474-1A3956D46DE8}") = "tests", "tests", "{0AB3BF05-4346-4AA6-1389-037BE0695223}"
EndProject
Project("{FAE04EC0-301F-11D3-BF4B-00C04F79EFBC}") = "SmartFinanceAI.UnitTests", "tests\SmartFinanceAI.UnitTests\SmartFinanceAI.UnitTests.csproj", "{2C2A3397-F405-42D6-879E-6FEB4B336B84}"
EndProject
Project("{FAE04EC0-301F-11D3-BF4B-00C04F79EFBC}") = "SmartFinanceAI.IntegrationTests", "tests\SmartFinanceAI.IntegrationTests\SmartFinanceAI.IntegrationTests.csproj", "{8CD82C43-14A5-4F9A-B2C7-60CD704D4C27}"
EndProject
Global
	GlobalSection(SolutionConfigurationPlatforms) = preSolution
		Debug|Any CPU = Debug|Any CPU
		Debug|x64 = Debug|x64
		Debug|x86 = Debug|x86
		Release|Any CPU = Release|Any CPU
		Release|x64 = Release|x64
		Release|x86 = Release|x86
	EndGlobalSection
	GlobalSection(ProjectConfigurationPlatforms) = postSolution
		{DC70146F-D44B-490B-8B37-070EB2F245A6}.Debug|Any CPU.ActiveCfg = Debug|Any CPU
		{DC70146F-D44B-490B-8B37-070EB2F245A6}.Debug|Any CPU.Build.0 = Debug|Any CPU
		{DC70146F-D44B-490B-8B37-070EB2F245A6}.Debug|x64.ActiveCfg = Debug|Any CPU
		{DC70146F-D44B-490B-8B37-070EB2F245A6}.Debug|x64.Build.0 = Debug|Any CPU
		{DC70146F-D44B-490B-8B37-070EB2F245A6}.Debug|x86.ActiveCfg = Debug|Any CPU
		{DC70146F-D44B-490B-8B37-070EB2F245A6}.Debug|x86.Build.0 = Debug|Any CPU
		{DC70146F-D44B-490B-8B37-070EB2F245A6}.Release|Any CPU.ActiveCfg = Release|Any CPU
		{DC70146F-D44B-490B-8B37-070EB2F245A6}.Release|Any CPU.Build.0 = Release|Any CPU
		{DC70146F-D44B-490B-8B37-070EB2F245A6}.Release|x64.ActiveCfg = Release|Any CPU
		{DC70146F-D44B-490B-8B37-070EB2F245A6}.Release|x64.Build.0 = Release|Any CPU
		{DC70146F-D44B-490B-8B37-070EB2F245A6}.Release|x86.ActiveCfg = Release|Any CPU
		{DC70146F-D44B-490B-8B37-070EB2F245A6}.Release|x86.Build.0 = Release|Any CPU
		{90F9F24C-BEF1-4D6D-AD95-313FA3DEA469}.Debug|Any CPU.ActiveCfg = Debug|Any CPU
		{90F9F24C-BEF1-4D6D-AD95-313FA3DEA469}.Debug|Any CPU.Build.0 = Debug|Any CPU
		{90F9F24C-BEF1-4D6D-AD95-313FA3DEA469}.Debug|x64.ActiveCfg = Debug|Any CPU
		{90F9F24C-BEF1-4D6D-AD95-313FA3DEA469}.Debug|x64.Build.0 = Debug|Any CPU
		{90F9F24C-BEF1-4D6D-AD95-313FA3DEA469}.Debug|x86.ActiveCfg = Debug|Any CPU
		{90F9F24C-BEF1-4D6D-AD95-313FA3DEA469}.Debug|x86.Build.0 = Debug|Any CPU
		{90F9F24C-BEF1-4D6D-AD95-313FA3DEA469}.Release|Any CPU.ActiveCfg = Release|Any CPU
		{90F9F24C-BEF1-4D6D-AD95-313FA3DEA469}.Release|Any CPU.Build.0 = Release|Any CPU
		{90F9F24C-BEF1-4D6D-AD95-313FA3DEA469}.Release|x64.ActiveCfg = Release|Any CPU
		{90F9F24C-BEF1-4D6D-AD95-313FA3DEA469}.Release|x64.Build.0 = Release|Any CPU
		{90F9F24C-BEF1-4D6D-AD95-313FA3DEA469}.Release|x86.ActiveCfg = Release|Any CPU
		{90F9F24C-BEF1-4D6D-AD95-313FA3DEA469}.Release|x86.Build.0 = Release|Any CPU
		{EDEADE0C-915C-40C1-AAB9-85FE09E427EF}.Debug|Any CPU.ActiveCfg = Debug|Any CPU
		{EDEADE0C-915C-40C1-AAB9-85FE09E427EF}.Debug|Any CPU.Build.0 = Debug|Any CPU
		{EDEADE0C-915C-40C1-AAB9-85FE09E427EF}.Debug|x64.ActiveCfg = Debug|Any CPU
		{EDEADE0C-915C-40C1-AAB9-85FE09E427EF}.Debug|x64.Build.0 = Debug|Any CPU
		{EDEADE0C-915C-40C1-AAB9-85FE09E427EF}.Debug|x86.ActiveCfg = Debug|Any CPU
		{EDEADE0C-915C-40C1-AAB9-85FE09E427EF}.Debug|x86.Build.0 = Debug|Any CPU
		{EDEADE0C-915C-40C1-AAB9-85FE09E427EF}.Release|Any CPU.ActiveCfg = Release|Any CPU
		{EDEADE0C-915C-40C1-AAB9-85FE09E427EF}.Release|Any CPU.Build.0 = Release|Any CPU
		{EDEADE0C-915C-40C1-AAB9-85FE09E427EF}.Release|x64.ActiveCfg = Release|Any CPU
		{EDEADE0C-915C-40C1-AAB9-85FE09E427EF}.Release|x64.Build.0 = Release|Any CPU
		{EDEADE0C-915C-40C1-AAB9-85FE09E427EF}.Release|x86.ActiveCfg = Release|Any CPU
		{EDEADE0C-915C-40C1-AAB9-85FE09E427EF}.Release|x86.Build.0 = Release|Any CPU
		{53836B30-43C6-4C79-B1C6-904B5922DFAD}.Debug|Any CPU.ActiveCfg = Debug|Any CPU
		{53836B30-43C6-4C79-B1C6-904B5922DFAD}.Debug|Any CPU.Build.0 = Debug|Any CPU
		{53836B30-43C6-4C79-B1C6-904B5922DFAD}.Debug|x64.ActiveCfg = Debug|Any CPU
		{53836B30-43C6-4C79-B1C6-904B5922DFAD}.Debug|x64.Build.0 = Debug|Any CPU
		{53836B30-43C6-4C79-B1C6-904B5922DFAD}.Debug|x86.ActiveCfg = Debug|Any CPU
		{53836B30-43C6-4C79-B1C6-904B5922DFAD}.Debug|x86.Build.0 = Debug|Any CPU
		{53836B30-43C6-4C79-B1C6-904B5922DFAD}.Release|Any CPU.ActiveCfg = Release|Any CPU
		{53836B30-43C6-4C79-B1C6-904B5922DFAD}.Release|Any CPU.Build.0 = Release|Any CPU
		{53836B30-43C6-4C79-B1C6-904B5922DFAD}.Release|x64.ActiveCfg = Release|Any CPU
		{53836B30-43C6-4C79-B1C6-904B5922DFAD}.Release|x64.Build.0 = Release|Any CPU
		{53836B30-43C6-4C79-B1C6-904B5922DFAD}.Release|x86.ActiveCfg = Release|Any CPU
		{53836B30-43C6-4C79-B1C6-904B5922DFAD}.Release|x86.Build.0 = Release|Any CPU
		{2C2A3397-F405-42D6-879E-6FEB4B336B84}.Debug|Any CPU.ActiveCfg = Debug|Any CPU
		{2C2A3397-F405-42D6-879E-6FEB4B336B84}.Debug|Any CPU.Build.0 = Debug|Any CPU
		{2C2A3397-F405-42D6-879E-6FEB4B336B84}.Debug|x64.ActiveCfg = Debug|Any CPU
		{2C2A3397-F405-42D6-879E-6FEB4B336B84}.Debug|x64.Build.0 = Debug|Any CPU
		{2C2A3397-F405-42D6-879E-6FEB4B336B84}.Debug|x86.ActiveCfg = Debug|Any CPU
		{2C2A3397-F405-42D6-879E-6FEB4B336B84}.Debug|x86.Build.0 = Debug|Any CPU
		{2C2A3397-F405-42D6-879E-6FEB4B336B84}.Release|Any CPU.ActiveCfg = Release|Any CPU
		{2C2A3397-F405-42D6-879E-6FEB4B336B84}.Release|Any CPU.Build.0 = Release|Any CPU
		{2C2A3397-F405-42D6-879E-6FEB4B336B84}.Release|x64.ActiveCfg = Release|Any CPU
		{2C2A3397-F405-42D6-879E-6FEB4B336B84}.Release|x64.Build.0 = Release|Any CPU
		{2C2A3397-F405-42D6-879E-6FEB4B336B84}.Release|x86.ActiveCfg = Release|Any CPU
		{2C2A3397-F405-42D6-879E-6FEB4B336B84}.Release|x86.Build.0 = Release|Any CPU
		{8CD82C43-14A5-4F9A-B2C7-60CD704D4C27}.Debug|Any CPU.ActiveCfg = Debug|Any CPU
		{8CD82C43-14A5-4F9A-B2C7-60CD704D4C27}.Debug|Any CPU.Build.0 = Debug|Any CPU
		{8CD82C43-14A5-4F9A-B2C7-60CD704D4C27}.Debug|x64.ActiveCfg = Debug|Any CPU
		{8CD82C43-14A5-4F9A-B2C7-60CD704D4C27}.Debug|x64.Build.0 = Debug|Any CPU
		{8CD82C43-14A5-4F9A-B2C7-60CD704D4C27}.Debug|x86.ActiveCfg = Debug|Any CPU
		{8CD82C43-14A5-4F9A-B2C7-60CD704D4C27}.Debug|x86.Build.0 = Debug|Any CPU
		{8CD82C43-14A5-4F9A-B2C7-60CD704D4C27}.Release|Any CPU.ActiveCfg = Release|Any CPU
		{8CD82C43-14A5-4F9A-B2C7-60CD704D4C27}.Release|Any CPU.Build.0 = Release|Any CPU
		{8CD82C43-14A5-4F9A-B2C7-60CD704D4C27}.Release|x64.ActiveCfg = Release|Any CPU
		{8CD82C43-14A5-4F9A-B2C7-60CD704D4C27}.Release|x64.Build.0 = Release|Any CPU
		{8CD82C43-14A5-4F9A-B2C7-60CD704D4C27}.Release|x86.ActiveCfg = Release|Any CPU
		{8CD82C43-14A5-4F9A-B2C7-60CD704D4C27}.Release|x86.Build.0 = Release|Any CPU
	EndGlobalSection
	GlobalSection(SolutionProperties) = preSolution
		HideSolutionNode = FALSE
	EndGlobalSection
	GlobalSection(NestedProjects) = preSolution
		{DC70146F-D44B-490B-8B37-070EB2F245A6} = {827E0CD3-B72D-47B6-A68D-7590B98EB39B}
		{90F9F24C-BEF1-4D6D-AD95-313FA3DEA469} = {827E0CD3-B72D-47B6-A68D-7590B98EB39B}
		{EDEADE0C-915C-40C1-AAB9-85FE09E427EF} = {827E0CD3-B72D-47B6-A68D-7590B98EB39B}
		{53836B30-43C6-4C79-B1C6-904B5922DFAD} = {827E0CD3-B72D-47B6-A68D-7590B98EB39B}
		{2C2A3397-F405-42D6-879E-6FEB4B336B84} = {0AB3BF05-4346-4AA6-1389-037BE0695223}
		{8CD82C43-14A5-4F9A-B2C7-60CD704D4C27} = {0AB3BF05-4346-4AA6-1389-037BE0695223}
	EndGlobalSection
EndGlobal
